
Microsoft Visual Studio Solution File, Format Version 12.00
# Visual Studio Version 16
VisualStudioVersion = 16.0.31729.503
MinimumVisualStudioVersion = 10.0.40219.1
Project("{FAE04EC0-301F-11D3-BF4B-00C04F79EFBC}") = "EmployeeWage", "EmployeeWage\EmployeeWage.csproj", "{18DF7E63-E7DC-42EF-A14D-3F26B61BF7E5}"
EndProject
Global
	GlobalSection(SolutionConfigurationPlatforms) = preSolution
		Debug|Any CPU = Debug|Any CPU
		Release|Any CPU = Release|Any CPU
	EndGlobalSection
	GlobalSection(ProjectConfigurationPlatforms) = postSolution
		{18DF7E63-E7DC-42EF-A14D-3F26B61BF7E5}.Debug|Any CPU.ActiveCfg = Debug|Any CPU
		{18DF7E63-E7DC-42EF-A14D-3F26B61BF7E5}.Debug|Any CPU.Build.0 = Debug|Any CPU
		{18DF7E63-E7DC-42EF-A14D-3F26B61BF7E5}.Release|Any CPU.ActiveCfg = Release|Any CPU
		{18DF7E63-E7DC-42EF-A14D-3F26B61BF7E5}.Release|Any CPU.Build.0 = Release|Any CPU
	EndGlobalSection
	GlobalSection(SolutionProperties) = preSolution
		HideSolutionNode = FALSE
	EndGlobalSection
	GlobalSection(ExtensibilityGlobals) = postSolution
		SolutionGuid = {D5F408BB-2B72-4F80-8636-D24DF6C48B57}
	EndGlobalSection
EndGlobal
